
Microsoft Visual Studio Solution File, Format Version 12.00
# Visual Studio Version 17
VisualStudioVersion = 17.7.34031.279
MinimumVisualStudioVersion = 10.0.40219.1
Project("{9A19103F-16F7-4668-BE54-9A1E7A4F7556}") = "MoneyLendingApp", "MoneyLendingApp\MoneyLendingApp.csproj", "{D6CC12EB-0CC0-4288-86AC-6A45D630CBC3}"
EndProject
Project("{9A19103F-16F7-4668-BE54-9A1E7A4F7556}") = "Infrastructure", "Infrastructure\Infrastructure.csproj", "{4DFB07BC-84C3-4838-8D27-91442020AD01}"
EndProject
Project("{FAE04EC0-301F-11D3-BF4B-00C04F79EFBC}") = "Application", "Application\Application.csproj", "{05EF2EDC-F030-4DBA-BDE7-32452FC9C2BD}"
EndProject
Project("{FAE04EC0-301F-11D3-BF4B-00C04F79EFBC}") = "Shared", "Shared\Shared.csproj", "{FD1E2AC2-D75C-496B-8AB0-5D5E7F77688D}"
EndProject
Global
	GlobalSection(SolutionConfigurationPlatforms) = preSolution
		Debug|Any CPU = Debug|Any CPU
		Release|Any CPU = Release|Any CPU
	EndGlobalSection
	GlobalSection(ProjectConfigurationPlatforms) = postSolution
		{D6CC12EB-0CC0-4288-86AC-6A45D630CBC3}.Debug|Any CPU.ActiveCfg = Debug|Any CPU
		{D6CC12EB-0CC0-4288-86AC-6A45D630CBC3}.Debug|Any CPU.Build.0 = Debug|Any CPU
		{D6CC12EB-0CC0-4288-86AC-6A45D630CBC3}.Release|Any CPU.ActiveCfg = Release|Any CPU
		{D6CC12EB-0CC0-4288-86AC-6A45D630CBC3}.Release|Any CPU.Build.0 = Release|Any CPU
		{4DFB07BC-84C3-4838-8D27-91442020AD01}.Debug|Any CPU.ActiveCfg = Debug|Any CPU
		{4DFB07BC-84C3-4838-8D27-91442020AD01}.Debug|Any CPU.Build.0 = Debug|Any CPU
		{4DFB07BC-84C3-4838-8D27-91442020AD01}.Release|Any CPU.ActiveCfg = Release|Any CPU
		{4DFB07BC-84C3-4838-8D27-91442020AD01}.Release|Any CPU.Build.0 = Release|Any CPU
		{05EF2EDC-F030-4DBA-BDE7-32452FC9C2BD}.Debug|Any CPU.ActiveCfg = Debug|Any CPU
		{05EF2EDC-F030-4DBA-BDE7-32452FC9C2BD}.Debug|Any CPU.Build.0 = Debug|Any CPU
		{05EF2EDC-F030-4DBA-BDE7-32452FC9C2BD}.Release|Any CPU.ActiveCfg = Release|Any CPU
		{05EF2EDC-F030-4DBA-BDE7-32452FC9C2BD}.Release|Any CPU.Build.0 = Release|Any CPU
		{FD1E2AC2-D75C-496B-8AB0-5D5E7F77688D}.Debug|Any CPU.ActiveCfg = Debug|Any CPU
		{FD1E2AC2-D75C-496B-8AB0-5D5E7F77688D}.Debug|Any CPU.Build.0 = Debug|Any CPU
		{FD1E2AC2-D75C-496B-8AB0-5D5E7F77688D}.Release|Any CPU.ActiveCfg = Release|Any CPU
		{FD1E2AC2-D75C-496B-8AB0-5D5E7F77688D}.Release|Any CPU.Build.0 = Release|Any CPU
	EndGlobalSection
	GlobalSection(SolutionProperties) = preSolution
		HideSolutionNode = FALSE
	EndGlobalSection
	GlobalSection(ExtensibilityGlobals) = postSolution
		SolutionGuid = {2531407C-748A-401A-9601-85333C7912D4}
	EndGlobalSection
EndGlobal
